{
    "_meta": {
        "hash": {
            "sha256": "9111f2a24f0b07f52e7701ee93ed1b4bad698df556874b19bcf955b40583e2ba"
        },
        "pipfile-spec": 6,
        "requires": {
            "python_full_version": "3.11.7",
            "python_version": "3.11"
        },
        "sources": [
            {
                "name": "pypi",
                "url": "https://pypi.org/simple",
                "verify_ssl": true
            }
        ]
    },
    "default": {
        "pyserial": {
            "hashes": [
                "sha256:3c77e014170dfffbd816e6ffc205e9842efb10be9f58ec16d3e8675b4925cddb",
                "sha256:c4451db6ba391ca6ca299fb3ec7bae67a5c55dde170964c7a14ceefec02f2cf0"
            ],
            "version": "==3.5"
        },
        "rplidar": {
            "hashes": [
                "sha256:2799f85feb1d46943cdeb0ad5dc5fe8482e6ab1b20ae6367668b608fb76552e4"
            ],
            "index": "pypi",
            "version": "==0.9.2"
        }
    },
    "develop": {}
}
